
Microsoft Visual Studio Solution File, Format Version 12.00
# Visual Studio 2012
Project("{FAE04EC0-301F-11D3-BF4B-00C04F79EFBC}") = "AutoPrintExcel", "AutoPrintExcel\AutoPrintExcel.csproj", "{03132ACA-CC47-4EEC-87BE-2DF57FF84BCC}"
EndProject
Project("{6141683F-8A12-4E36-9623-2EB02B2C2303}") = "AEAP", "AEAP\AEAP.isproj", "{90E69D9B-0600-4013-A33B-383EC611747D}"
EndProject
Global
	GlobalSection(SolutionConfigurationPlatforms) = preSolution
		CD_ROM|Any CPU = CD_ROM|Any CPU
		CD_ROM|x86 = CD_ROM|x86
		Debug|Any CPU = Debug|Any CPU
		Debug|x86 = Debug|x86
		DVD-5|Any CPU = DVD-5|Any CPU
		DVD-5|x86 = DVD-5|x86
		Release|Any CPU = Release|Any CPU
		Release|x86 = Release|x86
		SingleImage|Any CPU = SingleImage|Any CPU
		SingleImage|x86 = SingleImage|x86
	EndGlobalSection
	GlobalSection(ProjectConfigurationPlatforms) = postSolution
		{03132ACA-CC47-4EEC-87BE-2DF57FF84BCC}.CD_ROM|Any CPU.ActiveCfg = Release|Any CPU
		{03132ACA-CC47-4EEC-87BE-2DF57FF84BCC}.CD_ROM|Any CPU.Build.0 = Release|Any CPU
		{03132ACA-CC47-4EEC-87BE-2DF57FF84BCC}.CD_ROM|x86.ActiveCfg = Release|x86
		{03132ACA-CC47-4EEC-87BE-2DF57FF84BCC}.CD_ROM|x86.Build.0 = Release|x86
		{03132ACA-CC47-4EEC-87BE-2DF57FF84BCC}.Debug|Any CPU.ActiveCfg = Debug|Any CPU
		{03132ACA-CC47-4EEC-87BE-2DF57FF84BCC}.Debug|Any CPU.Build.0 = Debug|Any CPU
		{03132ACA-CC47-4EEC-87BE-2DF57FF84BCC}.Debug|x86.ActiveCfg = Release|x86
		{03132ACA-CC47-4EEC-87BE-2DF57FF84BCC}.Debug|x86.Build.0 = Release|x86
		{03132ACA-CC47-4EEC-87BE-2DF57FF84BCC}.DVD-5|Any CPU.ActiveCfg = Debug|Any CPU
		{03132ACA-CC47-4EEC-87BE-2DF57FF84BCC}.DVD-5|Any CPU.Build.0 = Debug|Any CPU
		{03132ACA-CC47-4EEC-87BE-2DF57FF84BCC}.DVD-5|x86.ActiveCfg = Debug|x86
		{03132ACA-CC47-4EEC-87BE-2DF57FF84BCC}.DVD-5|x86.Build.0 = Debug|x86
		{03132ACA-CC47-4EEC-87BE-2DF57FF84BCC}.Release|Any CPU.ActiveCfg = Release|Any CPU
		{03132ACA-CC47-4EEC-87BE-2DF57FF84BCC}.Release|Any CPU.Build.0 = Release|Any CPU
		{03132ACA-CC47-4EEC-87BE-2DF57FF84BCC}.Release|x86.ActiveCfg = Release|x86
		{03132ACA-CC47-4EEC-87BE-2DF57FF84BCC}.Release|x86.Build.0 = Release|x86
		{03132ACA-CC47-4EEC-87BE-2DF57FF84BCC}.SingleImage|Any CPU.ActiveCfg = Release|Any CPU
		{03132ACA-CC47-4EEC-87BE-2DF57FF84BCC}.SingleImage|Any CPU.Build.0 = Release|Any CPU
		{03132ACA-CC47-4EEC-87BE-2DF57FF84BCC}.SingleImage|x86.ActiveCfg = Release|x86
		{03132ACA-CC47-4EEC-87BE-2DF57FF84BCC}.SingleImage|x86.Build.0 = Release|x86
		{90E69D9B-0600-4013-A33B-383EC611747D}.CD_ROM|Any CPU.ActiveCfg = CD_ROM
		{90E69D9B-0600-4013-A33B-383EC611747D}.CD_ROM|Any CPU.Build.0 = CD_ROM
		{90E69D9B-0600-4013-A33B-383EC611747D}.CD_ROM|x86.ActiveCfg = CD_ROM
		{90E69D9B-0600-4013-A33B-383EC611747D}.CD_ROM|x86.Build.0 = CD_ROM
		{90E69D9B-0600-4013-A33B-383EC611747D}.Debug|Any CPU.ActiveCfg = DVD-5
		{90E69D9B-0600-4013-A33B-383EC611747D}.Debug|Any CPU.Build.0 = DVD-5
		{90E69D9B-0600-4013-A33B-383EC611747D}.Debug|x86.ActiveCfg = SingleImage
		{90E69D9B-0600-4013-A33B-383EC611747D}.Debug|x86.Build.0 = SingleImage
		{90E69D9B-0600-4013-A33B-383EC611747D}.DVD-5|Any CPU.ActiveCfg = DVD-5
		{90E69D9B-0600-4013-A33B-383EC611747D}.DVD-5|Any CPU.Build.0 = DVD-5
		{90E69D9B-0600-4013-A33B-383EC611747D}.DVD-5|x86.ActiveCfg = DVD-5
		{90E69D9B-0600-4013-A33B-383EC611747D}.DVD-5|x86.Build.0 = DVD-5
		{90E69D9B-0600-4013-A33B-383EC611747D}.Release|Any CPU.ActiveCfg = SingleImage
		{90E69D9B-0600-4013-A33B-383EC611747D}.Release|Any CPU.Build.0 = SingleImage
		{90E69D9B-0600-4013-A33B-383EC611747D}.Release|x86.ActiveCfg = SingleImage
		{90E69D9B-0600-4013-A33B-383EC611747D}.Release|x86.Build.0 = SingleImage
		{90E69D9B-0600-4013-A33B-383EC611747D}.SingleImage|Any CPU.ActiveCfg = SingleImage
		{90E69D9B-0600-4013-A33B-383EC611747D}.SingleImage|Any CPU.Build.0 = SingleImage
		{90E69D9B-0600-4013-A33B-383EC611747D}.SingleImage|x86.ActiveCfg = SingleImage
		{90E69D9B-0600-4013-A33B-383EC611747D}.SingleImage|x86.Build.0 = SingleImage
	EndGlobalSection
	GlobalSection(SolutionProperties) = preSolution
		HideSolutionNode = FALSE
	EndGlobalSection
EndGlobal
