
Microsoft Visual Studio Solution File, Format Version 12.00
# Visual Studio 14
VisualStudioVersion = 14.0.25123.0
MinimumVisualStudioVersion = 10.0.40219.1
Project("{FAE04EC0-301F-11D3-BF4B-00C04F79EFBC}") = "AutoPrintExcel", "AutoPrintExcel\AutoPrintExcel.csproj", "{03132ACA-CC47-4EEC-87BE-2DF57FF84BCC}"
EndProject
Project("{54435603-DBB4-11D2-8724-00A0C9A8B90C}") = "AEAPSetup", "AEAPSetup\AEAPSetup.vdproj", "{A4EE97F6-1050-4F88-B5DB-AC903BD5393C}"
EndProject
Global
	GlobalSection(SolutionConfigurationPlatforms) = preSolution
		CD_ROM|Any CPU = CD_ROM|Any CPU
		CD_ROM|x86 = CD_ROM|x86
		Debug|Any CPU = Debug|Any CPU
		Debug|x86 = Debug|x86
		DVD-5|Any CPU = DVD-5|Any CPU
		DVD-5|x86 = DVD-5|x86
		Release|Any CPU = Release|Any CPU
		Release|x86 = Release|x86
		SingleImage|Any CPU = SingleImage|Any CPU
		SingleImage|x86 = SingleImage|x86
	EndGlobalSection
	GlobalSection(ProjectConfigurationPlatforms) = postSolution
		{03132ACA-CC47-4EEC-87BE-2DF57FF84BCC}.CD_ROM|Any CPU.ActiveCfg = Release|Any CPU
		{03132ACA-CC47-4EEC-87BE-2DF57FF84BCC}.CD_ROM|Any CPU.Build.0 = Release|Any CPU
		{03132ACA-CC47-4EEC-87BE-2DF57FF84BCC}.CD_ROM|x86.ActiveCfg = Release|x86
		{03132ACA-CC47-4EEC-87BE-2DF57FF84BCC}.CD_ROM|x86.Build.0 = Release|x86
		{03132ACA-CC47-4EEC-87BE-2DF57FF84BCC}.Debug|Any CPU.ActiveCfg = Debug|Any CPU
		{03132ACA-CC47-4EEC-87BE-2DF57FF84BCC}.Debug|Any CPU.Build.0 = Debug|Any CPU
		{03132ACA-CC47-4EEC-87BE-2DF57FF84BCC}.Debug|x86.ActiveCfg = Release|x86
		{03132ACA-CC47-4EEC-87BE-2DF57FF84BCC}.Debug|x86.Build.0 = Release|x86
		{03132ACA-CC47-4EEC-87BE-2DF57FF84BCC}.DVD-5|Any CPU.ActiveCfg = Debug|Any CPU
		{03132ACA-CC47-4EEC-87BE-2DF57FF84BCC}.DVD-5|Any CPU.Build.0 = Debug|Any CPU
		{03132ACA-CC47-4EEC-87BE-2DF57FF84BCC}.DVD-5|x86.ActiveCfg = Debug|x86
		{03132ACA-CC47-4EEC-87BE-2DF57FF84BCC}.DVD-5|x86.Build.0 = Debug|x86
		{03132ACA-CC47-4EEC-87BE-2DF57FF84BCC}.Release|Any CPU.ActiveCfg = Release|Any CPU
		{03132ACA-CC47-4EEC-87BE-2DF57FF84BCC}.Release|Any CPU.Build.0 = Release|Any CPU
		{03132ACA-CC47-4EEC-87BE-2DF57FF84BCC}.Release|x86.ActiveCfg = Release|x86
		{03132ACA-CC47-4EEC-87BE-2DF57FF84BCC}.Release|x86.Build.0 = Release|x86
		{03132ACA-CC47-4EEC-87BE-2DF57FF84BCC}.SingleImage|Any CPU.ActiveCfg = Release|Any CPU
		{03132ACA-CC47-4EEC-87BE-2DF57FF84BCC}.SingleImage|Any CPU.Build.0 = Release|Any CPU
		{03132ACA-CC47-4EEC-87BE-2DF57FF84BCC}.SingleImage|x86.ActiveCfg = Release|x86
		{03132ACA-CC47-4EEC-87BE-2DF57FF84BCC}.SingleImage|x86.Build.0 = Release|x86
		{A4EE97F6-1050-4F88-B5DB-AC903BD5393C}.CD_ROM|Any CPU.ActiveCfg = Release
		{A4EE97F6-1050-4F88-B5DB-AC903BD5393C}.CD_ROM|x86.ActiveCfg = Release
		{A4EE97F6-1050-4F88-B5DB-AC903BD5393C}.Debug|Any CPU.ActiveCfg = Debug
		{A4EE97F6-1050-4F88-B5DB-AC903BD5393C}.Debug|x86.ActiveCfg = Debug
		{A4EE97F6-1050-4F88-B5DB-AC903BD5393C}.DVD-5|Any CPU.ActiveCfg = Debug
		{A4EE97F6-1050-4F88-B5DB-AC903BD5393C}.DVD-5|x86.ActiveCfg = Debug
		{A4EE97F6-1050-4F88-B5DB-AC903BD5393C}.Release|Any CPU.ActiveCfg = Release
		{A4EE97F6-1050-4F88-B5DB-AC903BD5393C}.Release|x86.ActiveCfg = Release
		{A4EE97F6-1050-4F88-B5DB-AC903BD5393C}.SingleImage|Any CPU.ActiveCfg = Release
		{A4EE97F6-1050-4F88-B5DB-AC903BD5393C}.SingleImage|x86.ActiveCfg = Release
	EndGlobalSection
	GlobalSection(SolutionProperties) = preSolution
		HideSolutionNode = FALSE
	EndGlobalSection
EndGlobal
